Microsoft Visual Studio Solution File, Format Version 11.00
# Visual Studio 2008

Project("{18090737-D4CE-CC7D-0DB2-583FD0D5729F}") = "Droplet", "Assembly-CSharp-vs.csproj", "{568807AC-3AC2-7EDD-95AC-2295F0377E3F}"
EndProject
Project("{18090737-D4CE-CC7D-0DB2-583FD0D5729F}") = "Droplet", "Assembly-CSharp-Editor-vs.csproj", "{642E3ABA-38D9-7061-6435-E8E0ECCAD2B6}"
EndProject
Global
	GlobalSection(SolutionConfigurationPlatforms) = preSolution
		Debug|Any CPU = Debug|Any CPU
		Release|Any CPU = Release|Any CPU
	EndGlobalSection
	GlobalSection(ProjectConfigurationPlatforms) = postSolution
		{568807AC-3AC2-7EDD-95AC-2295F0377E3F}.Debug|Any CPU.ActiveCfg = Debug|Any CPU
		{568807AC-3AC2-7EDD-95AC-2295F0377E3F}.Debug|Any CPU.Build.0 = Debug|Any CPU
		{568807AC-3AC2-7EDD-95AC-2295F0377E3F}.Release|Any CPU.ActiveCfg = Release|Any CPU
		{568807AC-3AC2-7EDD-95AC-2295F0377E3F}.Release|Any CPU.Build.0 = Release|Any CPU
		{642E3ABA-38D9-7061-6435-E8E0ECCAD2B6}.Debug|Any CPU.ActiveCfg = Debug|Any CPU
		{642E3ABA-38D9-7061-6435-E8E0ECCAD2B6}.Debug|Any CPU.Build.0 = Debug|Any CPU
		{642E3ABA-38D9-7061-6435-E8E0ECCAD2B6}.Release|Any CPU.ActiveCfg = Release|Any CPU
		{642E3ABA-38D9-7061-6435-E8E0ECCAD2B6}.Release|Any CPU.Build.0 = Release|Any CPU
	EndGlobalSection
	GlobalSection(SolutionProperties) = preSolution
		HideSolutionNode = FALSE
	EndGlobalSection
<<<<<<< Updated upstream
																																																GlobalSection(MonoDevelopProperties) = preSolution
=======
																																														GlobalSection(MonoDevelopProperties) = preSolution
>>>>>>> Stashed changes
=======
																																					GlobalSection(MonoDevelopProperties) = preSolution
>>>>>>> FETCH_HEAD
=======
																							GlobalSection(MonoDevelopProperties) = preSolution
>>>>>>> origin/master
=======
																												GlobalSection(MonoDevelopProperties) = preSolution
>>>>>>> 5ccdb127f3e45d19d96b1223cdf47cf8d0147b51
		StartupItem = Assembly-CSharp.csproj
		Policies = $0
		$0.TextStylePolicy = $1
		$1.inheritsSet = null
		$1.scope = text/x-csharp
		$0.CSharpFormattingPolicy = $2
		$2.inheritsSet = Mono
		$2.inheritsScope = text/x-csharp
		$2.scope = text/x-csharp
		$0.TextStylePolicy = $3
		$3.FileWidth = 120
		$3.TabWidth = 4
		$3.EolMarker = Unix
		$3.inheritsSet = Mono
		$3.inheritsScope = text/plain
		$3.scope = text/plain
	EndGlobalSection

EndGlobal
